Microsoft Visual Studio Solution File, Format Version 12.00
# Visual Studio Version 16
VisualStudioVersion = 16.0.29001.49
MinimumVisualStudioVersion = 10.0.40219.1
Project("{9A19103F-16F7-4668-BE54-9A1E7A4F7556}") = "GraphZen", "src\GraphZen\GraphZen.csproj", "{5B920998-EBBE-43BC-9F03-8498DCA603C0}"
EndProject
Project("{2150E333-8FDC-42A3-9474-1A3956D46DE8}") = "Solution Items", "Solution Items", "{44899843-2787-4849-B4C5-9F836ADEF892}"
	ProjectSection(SolutionItems) = preProject
		README.md = README.md
	EndProjectSection
EndProject
Project("{2150E333-8FDC-42A3-9474-1A3956D46DE8}") = "Examples", "Examples", "{6245E60B-2F08-4BB5-A826-E7F10B282419}"
EndProject
Project("{9A19103F-16F7-4668-BE54-9A1E7A4F7556}") = "SimpleBlog", "examples\SimpleBlog\SimpleBlog.csproj", "{CFAF10A9-0E60-43CD-8EF9-B97E58C1ED5A}"
EndProject
Project("{9A19103F-16F7-4668-BE54-9A1E7A4F7556}") = "GraphZen.Abstractions", "src\GraphZen.Abstractions\GraphZen.Abstractions.csproj", "{B45B83F2-B9B6-46B9-B124-FCDC02D0E1B6}"
EndProject
Project("{2150E333-8FDC-42A3-9474-1A3956D46DE8}") = "Core SDK", "Core SDK", "{C7EEE575-7E89-4398-8289-A93D008346E1}"
EndProject
Project("{9A19103F-16F7-4668-BE54-9A1E7A4F7556}") = "GraphZen.Infrastructure", "src\GraphZen.Infrastructure\GraphZen.Infrastructure.csproj", "{224B1B5A-EAD8-412C-BA37-D64662BB675A}"
EndProject
Project("{9A19103F-16F7-4668-BE54-9A1E7A4F7556}") = "GraphZen.LanguageModel", "src\GraphZen.LanguageModel\GraphZen.LanguageModel.csproj", "{CDFA3EAA-6BEB-439D-8D0C-EDB7F8654349}"
EndProject
Project("{9A19103F-16F7-4668-BE54-9A1E7A4F7556}") = "GraphZen.TypeSystem", "src\GraphZen.TypeSystem\GraphZen.TypeSystem.csproj", "{3C39E871-D013-4C8C-92EA-24A37AC9D111}"
EndProject
Project("{9A19103F-16F7-4668-BE54-9A1E7A4F7556}") = "GraphZen.QueryEngine", "src\GraphZen.QueryEngine\GraphZen.QueryEngine.csproj", "{E857B4D1-F520-4456-AF32-59D2D84C3ABD}"
EndProject
Project("{9A19103F-16F7-4668-BE54-9A1E7A4F7556}") = "GraphZen.LanguageModel.Tests", "src\GraphZen.LanguageModel.Tests\GraphZen.LanguageModel.Tests.csproj", "{F64BD374-DA4E-4192-AEE1-A2A46AD930C7}"
EndProject
Project("{9A19103F-16F7-4668-BE54-9A1E7A4F7556}") = "GraphZen.TypeSystem.Tests", "src\GraphZen.TypeSystem.Tests\GraphZen.TypeSystem.Tests.csproj", "{384BAFD1-A50A-42FE-932F-B091157EC2FC}"
EndProject
Project("{9A19103F-16F7-4668-BE54-9A1E7A4F7556}") = "GraphZen.QueryEngine.Tests", "src\GraphZen.QueryEngine.Tests\GraphZen.QueryEngine.Tests.csproj", "{7BED216F-92DF-4F47-84A9-CF1978875DDD}"
EndProject
Project("{9A19103F-16F7-4668-BE54-9A1E7A4F7556}") = "GraphZen.TestingInfrastructure", "src\GraphZen.TestingInfrastructure\GraphZen.TestingInfrastructure.csproj", "{A48511EE-90BD-46D3-A9FA-289135040A36}"
EndProject
Project("{9A19103F-16F7-4668-BE54-9A1E7A4F7556}") = "GraphZen.Tests", "src\GraphZen.Tests\GraphZen.Tests.csproj", "{6F5DA311-6D88-4C3C-9186-4B746B9F9C2F}"
EndProject
Project("{9A19103F-16F7-4668-BE54-9A1E7A4F7556}") = "GraphZen.DevCli", "src\GraphZen.DevCli\GraphZen.DevCli.csproj", "{C91EB16A-2257-4D4F-AA83-BDE38074B465}"
EndProject
Project("{9A19103F-16F7-4668-BE54-9A1E7A4F7556}") = "GraphZen.AspNetCore.Server", "src\GraphZen.AspNetCore.Server\GraphZen.AspNetCore.Server.csproj", "{7C4BDBD9-6D7F-47E2-864B-87840B1CD535}"
EndProject
Project("{2150E333-8FDC-42A3-9474-1A3956D46DE8}") = "ASP.NET Core", "ASP.NET Core", "{B32BAA64-D5CE-4200-B78F-034AA00AFB87}"
EndProject
Project("{2150E333-8FDC-42A3-9474-1A3956D46DE8}") = "src", "src", "{2B1883B3-BF6E-4073-9E5D-AD01961BA7D1}"
	ProjectSection(SolutionItems) = preProject
		src\Directory.Build.props = src\Directory.Build.props
	EndProjectSection
EndProject
Project("{2150E333-8FDC-42A3-9474-1A3956D46DE8}") = "Development", "Development", "{BED64EBD-A696-4B6D-98BA-A98597C4B40E}"
EndProject
Project("{9A19103F-16F7-4668-BE54-9A1E7A4F7556}") = "GraphZen.AspNetCore.Server.Tests", "src\GraphZen.AspNetCore.Server.Tests\GraphZen.AspNetCore.Server.Tests.csproj", "{24FA0F04-34BC-4DFE-8971-45D0704BCD6A}"
EndProject
Project("{9A19103F-16F7-4668-BE54-9A1E7A4F7556}") = "GraphZen.AspNetCore.Playground", "src\GraphZen.AspNetCore.Playground\GraphZen.AspNetCore.Playground.csproj", "{C8AE64A4-268D-4AD8-80E9-2C09E545AEAA}"
EndProject
Project("{FAE04EC0-301F-11D3-BF4B-00C04F79EFBC}") = "GraphZen.AspNetCore.Playground.Tests", "src\GraphZen.AspNetCore.Playground.Tests\GraphZen.AspNetCore.Playground.Tests.csproj", "{3D09DC6A-90E5-42C1-8793-F3340BF318A1}"
EndProject
Global
	GlobalSection(SolutionConfigurationPlatforms) = preSolution
		Debug|Any CPU = Debug|Any CPU
		Release|Any CPU = Release|Any CPU
	EndGlobalSection
	GlobalSection(ProjectConfigurationPlatforms) = postSolution
		{5B920998-EBBE-43BC-9F03-8498DCA603C0}.Debug|Any CPU.ActiveCfg = Debug|Any CPU
		{5B920998-EBBE-43BC-9F03-8498DCA603C0}.Debug|Any CPU.Build.0 = Debug|Any CPU
		{5B920998-EBBE-43BC-9F03-8498DCA603C0}.Release|Any CPU.ActiveCfg = Release|Any CPU
		{5B920998-EBBE-43BC-9F03-8498DCA603C0}.Release|Any CPU.Build.0 = Release|Any CPU
		{CFAF10A9-0E60-43CD-8EF9-B97E58C1ED5A}.Debug|Any CPU.ActiveCfg = Debug|Any CPU
		{CFAF10A9-0E60-43CD-8EF9-B97E58C1ED5A}.Debug|Any CPU.Build.0 = Debug|Any CPU
		{CFAF10A9-0E60-43CD-8EF9-B97E58C1ED5A}.Release|Any CPU.ActiveCfg = Release|Any CPU
		{CFAF10A9-0E60-43CD-8EF9-B97E58C1ED5A}.Release|Any CPU.Build.0 = Release|Any CPU
		{B45B83F2-B9B6-46B9-B124-FCDC02D0E1B6}.Debug|Any CPU.ActiveCfg = Debug|Any CPU
		{B45B83F2-B9B6-46B9-B124-FCDC02D0E1B6}.Debug|Any CPU.Build.0 = Debug|Any CPU
		{B45B83F2-B9B6-46B9-B124-FCDC02D0E1B6}.Release|Any CPU.ActiveCfg = Release|Any CPU
		{B45B83F2-B9B6-46B9-B124-FCDC02D0E1B6}.Release|Any CPU.Build.0 = Release|Any CPU
		{224B1B5A-EAD8-412C-BA37-D64662BB675A}.Debug|Any CPU.ActiveCfg = Debug|Any CPU
		{224B1B5A-EAD8-412C-BA37-D64662BB675A}.Debug|Any CPU.Build.0 = Debug|Any CPU
		{224B1B5A-EAD8-412C-BA37-D64662BB675A}.Release|Any CPU.ActiveCfg = Release|Any CPU
		{224B1B5A-EAD8-412C-BA37-D64662BB675A}.Release|Any CPU.Build.0 = Release|Any CPU
		{CDFA3EAA-6BEB-439D-8D0C-EDB7F8654349}.Debug|Any CPU.ActiveCfg = Debug|Any CPU
		{CDFA3EAA-6BEB-439D-8D0C-EDB7F8654349}.Debug|Any CPU.Build.0 = Debug|Any CPU
		{CDFA3EAA-6BEB-439D-8D0C-EDB7F8654349}.Release|Any CPU.ActiveCfg = Release|Any CPU
		{CDFA3EAA-6BEB-439D-8D0C-EDB7F8654349}.Release|Any CPU.Build.0 = Release|Any CPU
		{3C39E871-D013-4C8C-92EA-24A37AC9D111}.Debug|Any CPU.ActiveCfg = Debug|Any CPU
		{3C39E871-D013-4C8C-92EA-24A37AC9D111}.Debug|Any CPU.Build.0 = Debug|Any CPU
		{3C39E871-D013-4C8C-92EA-24A37AC9D111}.Release|Any CPU.ActiveCfg = Release|Any CPU
		{3C39E871-D013-4C8C-92EA-24A37AC9D111}.Release|Any CPU.Build.0 = Release|Any CPU
		{E857B4D1-F520-4456-AF32-59D2D84C3ABD}.Debug|Any CPU.ActiveCfg = Debug|Any CPU
		{E857B4D1-F520-4456-AF32-59D2D84C3ABD}.Debug|Any CPU.Build.0 = Debug|Any CPU
		{E857B4D1-F520-4456-AF32-59D2D84C3ABD}.Release|Any CPU.ActiveCfg = Release|Any CPU
		{E857B4D1-F520-4456-AF32-59D2D84C3ABD}.Release|Any CPU.Build.0 = Release|Any CPU
		{F64BD374-DA4E-4192-AEE1-A2A46AD930C7}.Debug|Any CPU.ActiveCfg = Debug|Any CPU
		{F64BD374-DA4E-4192-AEE1-A2A46AD930C7}.Debug|Any CPU.Build.0 = Debug|Any CPU
		{F64BD374-DA4E-4192-AEE1-A2A46AD930C7}.Release|Any CPU.ActiveCfg = Release|Any CPU
		{F64BD374-DA4E-4192-AEE1-A2A46AD930C7}.Release|Any CPU.Build.0 = Release|Any CPU
		{384BAFD1-A50A-42FE-932F-B091157EC2FC}.Debug|Any CPU.ActiveCfg = Debug|Any CPU
		{384BAFD1-A50A-42FE-932F-B091157EC2FC}.Debug|Any CPU.Build.0 = Debug|Any CPU
		{384BAFD1-A50A-42FE-932F-B091157EC2FC}.Release|Any CPU.ActiveCfg = Release|Any CPU
		{384BAFD1-A50A-42FE-932F-B091157EC2FC}.Release|Any CPU.Build.0 = Release|Any CPU
		{7BED216F-92DF-4F47-84A9-CF1978875DDD}.Debug|Any CPU.ActiveCfg = Debug|Any CPU
		{7BED216F-92DF-4F47-84A9-CF1978875DDD}.Debug|Any CPU.Build.0 = Debug|Any CPU
		{7BED216F-92DF-4F47-84A9-CF1978875DDD}.Release|Any CPU.ActiveCfg = Release|Any CPU
		{7BED216F-92DF-4F47-84A9-CF1978875DDD}.Release|Any CPU.Build.0 = Release|Any CPU
		{A48511EE-90BD-46D3-A9FA-289135040A36}.Debug|Any CPU.ActiveCfg = Debug|Any CPU
		{A48511EE-90BD-46D3-A9FA-289135040A36}.Debug|Any CPU.Build.0 = Debug|Any CPU
		{A48511EE-90BD-46D3-A9FA-289135040A36}.Release|Any CPU.ActiveCfg = Release|Any CPU
		{A48511EE-90BD-46D3-A9FA-289135040A36}.Release|Any CPU.Build.0 = Release|Any CPU
		{6F5DA311-6D88-4C3C-9186-4B746B9F9C2F}.Debug|Any CPU.ActiveCfg = Debug|Any CPU
		{6F5DA311-6D88-4C3C-9186-4B746B9F9C2F}.Debug|Any CPU.Build.0 = Debug|Any CPU
		{6F5DA311-6D88-4C3C-9186-4B746B9F9C2F}.Release|Any CPU.ActiveCfg = Release|Any CPU
		{6F5DA311-6D88-4C3C-9186-4B746B9F9C2F}.Release|Any CPU.Build.0 = Release|Any CPU
		{C91EB16A-2257-4D4F-AA83-BDE38074B465}.Debug|Any CPU.ActiveCfg = Debug|Any CPU
		{C91EB16A-2257-4D4F-AA83-BDE38074B465}.Debug|Any CPU.Build.0 = Debug|Any CPU
		{C91EB16A-2257-4D4F-AA83-BDE38074B465}.Release|Any CPU.ActiveCfg = Release|Any CPU
		{C91EB16A-2257-4D4F-AA83-BDE38074B465}.Release|Any CPU.Build.0 = Release|Any CPU
		{7C4BDBD9-6D7F-47E2-864B-87840B1CD535}.Debug|Any CPU.ActiveCfg = Debug|Any CPU
		{7C4BDBD9-6D7F-47E2-864B-87840B1CD535}.Debug|Any CPU.Build.0 = Debug|Any CPU
		{7C4BDBD9-6D7F-47E2-864B-87840B1CD535}.Release|Any CPU.ActiveCfg = Release|Any CPU
		{7C4BDBD9-6D7F-47E2-864B-87840B1CD535}.Release|Any CPU.Build.0 = Release|Any CPU
		{24FA0F04-34BC-4DFE-8971-45D0704BCD6A}.Debug|Any CPU.ActiveCfg = Debug|Any CPU
		{24FA0F04-34BC-4DFE-8971-45D0704BCD6A}.Debug|Any CPU.Build.0 = Debug|Any CPU
		{24FA0F04-34BC-4DFE-8971-45D0704BCD6A}.Release|Any CPU.ActiveCfg = Release|Any CPU
		{24FA0F04-34BC-4DFE-8971-45D0704BCD6A}.Release|Any CPU.Build.0 = Release|Any CPU
		{C8AE64A4-268D-4AD8-80E9-2C09E545AEAA}.Debug|Any CPU.ActiveCfg = Debug|Any CPU
		{C8AE64A4-268D-4AD8-80E9-2C09E545AEAA}.Debug|Any CPU.Build.0 = Debug|Any CPU
		{C8AE64A4-268D-4AD8-80E9-2C09E545AEAA}.Release|Any CPU.ActiveCfg = Release|Any CPU
		{C8AE64A4-268D-4AD8-80E9-2C09E545AEAA}.Release|Any CPU.Build.0 = Release|Any CPU
		{3D09DC6A-90E5-42C1-8793-F3340BF318A1}.Debug|Any CPU.ActiveCfg = Debug|Any CPU
		{3D09DC6A-90E5-42C1-8793-F3340BF318A1}.Debug|Any CPU.Build.0 = Debug|Any CPU
		{3D09DC6A-90E5-42C1-8793-F3340BF318A1}.Release|Any CPU.ActiveCfg = Release|Any CPU
		{3D09DC6A-90E5-42C1-8793-F3340BF318A1}.Release|Any CPU.Build.0 = Release|Any CPU
	EndGlobalSection
	GlobalSection(SolutionProperties) = preSolution
		HideSolutionNode = FALSE
	EndGlobalSection
	GlobalSection(NestedProjects) = preSolution
		{5B920998-EBBE-43BC-9F03-8498DCA603C0} = {C7EEE575-7E89-4398-8289-A93D008346E1}
		{CFAF10A9-0E60-43CD-8EF9-B97E58C1ED5A} = {6245E60B-2F08-4BB5-A826-E7F10B282419}
		{B45B83F2-B9B6-46B9-B124-FCDC02D0E1B6} = {C7EEE575-7E89-4398-8289-A93D008346E1}
		{C7EEE575-7E89-4398-8289-A93D008346E1} = {2B1883B3-BF6E-4073-9E5D-AD01961BA7D1}
		{224B1B5A-EAD8-412C-BA37-D64662BB675A} = {C7EEE575-7E89-4398-8289-A93D008346E1}
		{CDFA3EAA-6BEB-439D-8D0C-EDB7F8654349} = {C7EEE575-7E89-4398-8289-A93D008346E1}
		{3C39E871-D013-4C8C-92EA-24A37AC9D111} = {C7EEE575-7E89-4398-8289-A93D008346E1}
		{E857B4D1-F520-4456-AF32-59D2D84C3ABD} = {C7EEE575-7E89-4398-8289-A93D008346E1}
		{F64BD374-DA4E-4192-AEE1-A2A46AD930C7} = {C7EEE575-7E89-4398-8289-A93D008346E1}
		{384BAFD1-A50A-42FE-932F-B091157EC2FC} = {C7EEE575-7E89-4398-8289-A93D008346E1}
		{7BED216F-92DF-4F47-84A9-CF1978875DDD} = {C7EEE575-7E89-4398-8289-A93D008346E1}
		{A48511EE-90BD-46D3-A9FA-289135040A36} = {BED64EBD-A696-4B6D-98BA-A98597C4B40E}
		{6F5DA311-6D88-4C3C-9186-4B746B9F9C2F} = {C7EEE575-7E89-4398-8289-A93D008346E1}
		{C91EB16A-2257-4D4F-AA83-BDE38074B465} = {BED64EBD-A696-4B6D-98BA-A98597C4B40E}
		{7C4BDBD9-6D7F-47E2-864B-87840B1CD535} = {B32BAA64-D5CE-4200-B78F-034AA00AFB87}
		{B32BAA64-D5CE-4200-B78F-034AA00AFB87} = {2B1883B3-BF6E-4073-9E5D-AD01961BA7D1}
		{BED64EBD-A696-4B6D-98BA-A98597C4B40E} = {2B1883B3-BF6E-4073-9E5D-AD01961BA7D1}
		{24FA0F04-34BC-4DFE-8971-45D0704BCD6A} = {B32BAA64-D5CE-4200-B78F-034AA00AFB87}
		{C8AE64A4-268D-4AD8-80E9-2C09E545AEAA} = {B32BAA64-D5CE-4200-B78F-034AA00AFB87}
		{3D09DC6A-90E5-42C1-8793-F3340BF318A1} = {B32BAA64-D5CE-4200-B78F-034AA00AFB87}
	EndGlobalSection
	GlobalSection(ExtensibilityGlobals) = postSolution
		SolutionGuid = {4F2A2408-678E-4184-B769-5C46F0B10F25}
	EndGlobalSection
EndGlobal
