Microsoft Visual Studio Solution File, Format Version 12.00
# Visual Studio Version 16
VisualStudioVersion = 16.0.29001.49
MinimumVisualStudioVersion = 10.0.40219.1
Project("{9A19103F-16F7-4668-BE54-9A1E7A4F7556}") = "GraphZen", "src\GraphZen\GraphZen.csproj", "{5B920998-EBBE-43BC-9F03-8498DCA603C0}"
EndProject
Project("{2150E333-8FDC-42A3-9474-1A3956D46DE8}") = "Solution Items", "Solution Items", "{44899843-2787-4849-B4C5-9F836ADEF892}"
	ProjectSection(SolutionItems) = preProject
		README.md = README.md
	EndProjectSection
EndProject
Project("{2150E333-8FDC-42A3-9474-1A3956D46DE8}") = "Examples", "Examples", "{6245E60B-2F08-4BB5-A826-E7F10B282419}"
EndProject
Project("{9A19103F-16F7-4668-BE54-9A1E7A4F7556}") = "SimpleBlog", "examples\SimpleBlog\SimpleBlog.csproj", "{CFAF10A9-0E60-43CD-8EF9-B97E58C1ED5A}"
EndProject
Project("{9A19103F-16F7-4668-BE54-9A1E7A4F7556}") = "GraphZen.Abstractions", "src\GraphZen.Abstractions\GraphZen.Abstractions.csproj", "{B45B83F2-B9B6-46B9-B124-FCDC02D0E1B6}"
EndProject
Project("{9A19103F-16F7-4668-BE54-9A1E7A4F7556}") = "GraphZen.Infrastructure", "src\GraphZen.Infrastructure\GraphZen.Infrastructure.csproj", "{224B1B5A-EAD8-412C-BA37-D64662BB675A}"
EndProject
Project("{9A19103F-16F7-4668-BE54-9A1E7A4F7556}") = "GraphZen.LanguageModel", "src\GraphZen.LanguageModel\GraphZen.LanguageModel.csproj", "{CDFA3EAA-6BEB-439D-8D0C-EDB7F8654349}"
EndProject
Project("{9A19103F-16F7-4668-BE54-9A1E7A4F7556}") = "GraphZen.TypeSystem", "src\GraphZen.TypeSystem\GraphZen.TypeSystem.csproj", "{3C39E871-D013-4C8C-92EA-24A37AC9D111}"
EndProject
Project("{9A19103F-16F7-4668-BE54-9A1E7A4F7556}") = "GraphZen.QueryEngine", "src\GraphZen.QueryEngine\GraphZen.QueryEngine.csproj", "{E857B4D1-F520-4456-AF32-59D2D84C3ABD}"
EndProject
Project("{9A19103F-16F7-4668-BE54-9A1E7A4F7556}") = "GraphZen.LanguageModel.Tests", "test\GraphZen.LanguageModel.Tests\GraphZen.LanguageModel.Tests.csproj", "{F64BD374-DA4E-4192-AEE1-A2A46AD930C7}"
EndProject
Project("{9A19103F-16F7-4668-BE54-9A1E7A4F7556}") = "GraphZen.TypeSystem.Tests", "test\GraphZen.TypeSystem.Tests\GraphZen.TypeSystem.Tests.csproj", "{384BAFD1-A50A-42FE-932F-B091157EC2FC}"
EndProject
Project("{9A19103F-16F7-4668-BE54-9A1E7A4F7556}") = "GraphZen.QueryEngine.Tests", "test\GraphZen.QueryEngine.Tests\GraphZen.QueryEngine.Tests.csproj", "{7BED216F-92DF-4F47-84A9-CF1978875DDD}"
EndProject
Project("{9A19103F-16F7-4668-BE54-9A1E7A4F7556}") = "GraphZen.Infrastructure.Testing", "test\GraphZen.Infrastructure.Testing\GraphZen.Infrastructure.Testing.csproj", "{A48511EE-90BD-46D3-A9FA-289135040A36}"
EndProject
Project("{9A19103F-16F7-4668-BE54-9A1E7A4F7556}") = "GraphZen.Tests", "test\GraphZen.Tests\GraphZen.Tests.csproj", "{6F5DA311-6D88-4C3C-9186-4B746B9F9C2F}"
EndProject
Project("{9A19103F-16F7-4668-BE54-9A1E7A4F7556}") = "GraphZen.DevCli", "src\GraphZen.DevCli\GraphZen.DevCli.csproj", "{C91EB16A-2257-4D4F-AA83-BDE38074B465}"
EndProject
Project("{9A19103F-16F7-4668-BE54-9A1E7A4F7556}") = "GraphZen.AspNetCore.Server", "src\GraphZen.AspNetCore.Server\GraphZen.AspNetCore.Server.csproj", "{7C4BDBD9-6D7F-47E2-864B-87840B1CD535}"
EndProject
Project("{2150E333-8FDC-42A3-9474-1A3956D46DE8}") = "src", "src", "{2B1883B3-BF6E-4073-9E5D-AD01961BA7D1}"
	ProjectSection(SolutionItems) = preProject
		src\Directory.Build.props = src\Directory.Build.props
	EndProjectSection
EndProject
Project("{9A19103F-16F7-4668-BE54-9A1E7A4F7556}") = "GraphZen.AspNetCore.Server.Tests", "test\GraphZen.AspNetCore.Server.Tests\GraphZen.AspNetCore.Server.Tests.csproj", "{24FA0F04-34BC-4DFE-8971-45D0704BCD6A}"
EndProject
Project("{9A19103F-16F7-4668-BE54-9A1E7A4F7556}") = "GraphZen.AspNetCore.Playground", "src\GraphZen.AspNetCore.Playground\GraphZen.AspNetCore.Playground.csproj", "{C8AE64A4-268D-4AD8-80E9-2C09E545AEAA}"
EndProject
Project("{9A19103F-16F7-4668-BE54-9A1E7A4F7556}") = "GraphZen.AspNetCore.Playground.Tests", "test\GraphZen.AspNetCore.Playground.Tests\GraphZen.AspNetCore.Playground.Tests.csproj", "{3D09DC6A-90E5-42C1-8793-F3340BF318A1}"
EndProject
Project("{9A19103F-16F7-4668-BE54-9A1E7A4F7556}") = "GraphZen.AspNetCore", "src\GraphZen.AspNetCore\GraphZen.AspNetCore.csproj", "{9A980D40-8349-4B15-9DA9-FA7BBCF776D0}"
EndProject
Project("{9A19103F-16F7-4668-BE54-9A1E7A4F7556}") = "GraphZen.Client", "src\GraphZen.Client\GraphZen.Client.csproj", "{A085CF02-72A3-492B-A39D-2F337FB73085}"
EndProject
Project("{9A19103F-16F7-4668-BE54-9A1E7A4F7556}") = "GraphZen.Client.Tests", "test\GraphZen.Client.Tests\GraphZen.Client.Tests.csproj", "{A3BCFF0D-97B4-4A45-8DE9-E71F3FC19AC1}"
EndProject
Project("{9A19103F-16F7-4668-BE54-9A1E7A4F7556}") = "GraphZen.Infrastructure.Testing.Tests", "test\GraphZen.Infrastructure.Testing.Tests\GraphZen.Infrastructure.Testing.Tests.csproj", "{60FBD751-87AC-4297-B4DA-3A25FD9961C1}"
EndProject
Project("{2150E333-8FDC-42A3-9474-1A3956D46DE8}") = "test", "test", "{0B6910A4-EF91-4DF9-8E75-7C6F86BB56E8}"
	ProjectSection(SolutionItems) = preProject
		test\Directory.Build.props = test\Directory.Build.props
	EndProjectSection
EndProject
Project("{9A19103F-16F7-4668-BE54-9A1E7A4F7556}") = "GraphZen.AspNetCore.Playground.IntegrationTests", "test\GraphZen.AspNetCore.Playground.IntegrationTests\GraphZen.AspNetCore.Playground.IntegrationTests.csproj", "{E9A6C473-36DF-406D-9925-50C38D62600D}"
EndProject
Project("{9A19103F-16F7-4668-BE54-9A1E7A4F7556}") = "GraphZen.AspNetCore.Server.IntegrationTests", "test\GraphZen.AspNetCore.Server.IntegrationTests\GraphZen.AspNetCore.Server.IntegrationTests.csproj", "{43182E86-0B45-4C92-A10B-D6C4FC97516D}"
EndProject
Project("{9A19103F-16F7-4668-BE54-9A1E7A4F7556}") = "GraphZen.AspNetCore.Server.FunctionalTests", "test\GraphZen.AspNetCore.Server.FunctionalTests\GraphZen.AspNetCore.Server.FunctionalTests.csproj", "{C7DFDE96-721A-476E-A032-0BD359BE6FF0}"
EndProject
Project("{9A19103F-16F7-4668-BE54-9A1E7A4F7556}") = "GraphZen.Client.IntegrationTests", "test\GraphZen.Client.IntegrationTests\GraphZen.Client.IntegrationTests.csproj", "{6F2006BB-19E2-4294-93A7-BF9F7DEAD984}"
EndProject
Project("{9A19103F-16F7-4668-BE54-9A1E7A4F7556}") = "GraphZen.Client.FunctionalTests", "test\GraphZen.Client.FunctionalTests\GraphZen.Client.FunctionalTests.csproj", "{C470DF34-3A7C-41B1-BF20-EAA50EC4CC02}"
EndProject
Project("{9A19103F-16F7-4668-BE54-9A1E7A4F7556}") = "GraphZen.LanguageModel.FunctionalTests", "test\GraphZen.LanguageModel.FunctionalTests\GraphZen.LanguageModel.FunctionalTests.csproj", "{9523FAD2-CE09-400D-8E01-5EBD7A6065C2}"
EndProject
Project("{9A19103F-16F7-4668-BE54-9A1E7A4F7556}") = "GraphZen.LanguageModel.IntegrationTests", "test\GraphZen.LanguageModel.IntegrationTests\GraphZen.LanguageModel.IntegrationTests.csproj", "{28585FA8-5075-4BEA-8CE2-FDBA9C37C2E5}"
EndProject
Project("{9A19103F-16F7-4668-BE54-9A1E7A4F7556}") = "GraphZen.QueryEngine.FunctionalTests", "test\GraphZen.QueryEngine.FunctionalTests\GraphZen.QueryEngine.FunctionalTests.csproj", "{997387E3-D8B8-4C46-B7A6-8B108ABE43ED}"
EndProject
Project("{9A19103F-16F7-4668-BE54-9A1E7A4F7556}") = "GraphZen.TypeSystem.FunctionalTests", "test\GraphZen.TypeSystem.FunctionalTests\GraphZen.TypeSystem.FunctionalTests.csproj", "{6F4724C4-24B7-4F52-AD43-E652F9DAE48C}"
EndProject
Project("{2150E333-8FDC-42A3-9474-1A3956D46DE8}") = "tools", "tools", "{5659C2C2-63A1-496D-8B0A-676B4D5B4583}"
EndProject
Project("{9A19103F-16F7-4668-BE54-9A1E7A4F7556}") = "GraphZen.DevCli.Tests", "src\GraphZen.DevCli.Tests\GraphZen.DevCli.Tests.csproj", "{023FCC01-AD4C-4E36-825A-FDEDAF781182}"
EndProject
Project("{9A19103F-16F7-4668-BE54-9A1E7A4F7556}") = "GraphZen.TypeSystem.TestSubjectAssemblyA", "test\GraphZen.TypeSystem.TestSubjectAssemblyA\GraphZen.TypeSystem.TestSubjectAssemblyA.csproj", "{73B27F56-1A06-4F1D-B4FD-FB067B2DE873}"
EndProject
Project("{9A19103F-16F7-4668-BE54-9A1E7A4F7556}") = "GraphZen.TypeSystem.TestSubjectAssemblyB", "test\GraphZen.TypeSystem.TestSubjectAssemblyB\GraphZen.TypeSystem.TestSubjectAssemblyB.csproj", "{320393A5-233A-415D-86EA-1A91AA10C52C}"
EndProject
Project("{FAE04EC0-301F-11D3-BF4B-00C04F79EFBC}") = "BuildTargets", "BuildTargets\BuildTargets.csproj", "{E4C5FCC7-35DD-4294-9992-C5E8F641FB2A}"
EndProject
Global
	GlobalSection(SolutionConfigurationPlatforms) = preSolution
		Debug|Any CPU = Debug|Any CPU
		Release|Any CPU = Release|Any CPU
	EndGlobalSection
	GlobalSection(ProjectConfigurationPlatforms) = postSolution
		{5B920998-EBBE-43BC-9F03-8498DCA603C0}.Debug|Any CPU.ActiveCfg = Debug|Any CPU
		{5B920998-EBBE-43BC-9F03-8498DCA603C0}.Debug|Any CPU.Build.0 = Debug|Any CPU
		{5B920998-EBBE-43BC-9F03-8498DCA603C0}.Release|Any CPU.ActiveCfg = Release|Any CPU
		{5B920998-EBBE-43BC-9F03-8498DCA603C0}.Release|Any CPU.Build.0 = Release|Any CPU
		{CFAF10A9-0E60-43CD-8EF9-B97E58C1ED5A}.Debug|Any CPU.ActiveCfg = Debug|Any CPU
		{CFAF10A9-0E60-43CD-8EF9-B97E58C1ED5A}.Debug|Any CPU.Build.0 = Debug|Any CPU
		{CFAF10A9-0E60-43CD-8EF9-B97E58C1ED5A}.Release|Any CPU.ActiveCfg = Release|Any CPU
		{CFAF10A9-0E60-43CD-8EF9-B97E58C1ED5A}.Release|Any CPU.Build.0 = Release|Any CPU
		{B45B83F2-B9B6-46B9-B124-FCDC02D0E1B6}.Debug|Any CPU.ActiveCfg = Debug|Any CPU
		{B45B83F2-B9B6-46B9-B124-FCDC02D0E1B6}.Debug|Any CPU.Build.0 = Debug|Any CPU
		{B45B83F2-B9B6-46B9-B124-FCDC02D0E1B6}.Release|Any CPU.ActiveCfg = Release|Any CPU
		{B45B83F2-B9B6-46B9-B124-FCDC02D0E1B6}.Release|Any CPU.Build.0 = Release|Any CPU
		{224B1B5A-EAD8-412C-BA37-D64662BB675A}.Debug|Any CPU.ActiveCfg = Debug|Any CPU
		{224B1B5A-EAD8-412C-BA37-D64662BB675A}.Debug|Any CPU.Build.0 = Debug|Any CPU
		{224B1B5A-EAD8-412C-BA37-D64662BB675A}.Release|Any CPU.ActiveCfg = Release|Any CPU
		{224B1B5A-EAD8-412C-BA37-D64662BB675A}.Release|Any CPU.Build.0 = Release|Any CPU
		{CDFA3EAA-6BEB-439D-8D0C-EDB7F8654349}.Debug|Any CPU.ActiveCfg = Debug|Any CPU
		{CDFA3EAA-6BEB-439D-8D0C-EDB7F8654349}.Debug|Any CPU.Build.0 = Debug|Any CPU
		{CDFA3EAA-6BEB-439D-8D0C-EDB7F8654349}.Release|Any CPU.ActiveCfg = Release|Any CPU
		{CDFA3EAA-6BEB-439D-8D0C-EDB7F8654349}.Release|Any CPU.Build.0 = Release|Any CPU
		{3C39E871-D013-4C8C-92EA-24A37AC9D111}.Debug|Any CPU.ActiveCfg = Debug|Any CPU
		{3C39E871-D013-4C8C-92EA-24A37AC9D111}.Debug|Any CPU.Build.0 = Debug|Any CPU
		{3C39E871-D013-4C8C-92EA-24A37AC9D111}.Release|Any CPU.ActiveCfg = Release|Any CPU
		{3C39E871-D013-4C8C-92EA-24A37AC9D111}.Release|Any CPU.Build.0 = Release|Any CPU
		{E857B4D1-F520-4456-AF32-59D2D84C3ABD}.Debug|Any CPU.ActiveCfg = Debug|Any CPU
		{E857B4D1-F520-4456-AF32-59D2D84C3ABD}.Debug|Any CPU.Build.0 = Debug|Any CPU
		{E857B4D1-F520-4456-AF32-59D2D84C3ABD}.Release|Any CPU.ActiveCfg = Release|Any CPU
		{E857B4D1-F520-4456-AF32-59D2D84C3ABD}.Release|Any CPU.Build.0 = Release|Any CPU
		{F64BD374-DA4E-4192-AEE1-A2A46AD930C7}.Debug|Any CPU.ActiveCfg = Debug|Any CPU
		{F64BD374-DA4E-4192-AEE1-A2A46AD930C7}.Debug|Any CPU.Build.0 = Debug|Any CPU
		{F64BD374-DA4E-4192-AEE1-A2A46AD930C7}.Release|Any CPU.ActiveCfg = Release|Any CPU
		{F64BD374-DA4E-4192-AEE1-A2A46AD930C7}.Release|Any CPU.Build.0 = Release|Any CPU
		{384BAFD1-A50A-42FE-932F-B091157EC2FC}.Debug|Any CPU.ActiveCfg = Debug|Any CPU
		{384BAFD1-A50A-42FE-932F-B091157EC2FC}.Debug|Any CPU.Build.0 = Debug|Any CPU
		{384BAFD1-A50A-42FE-932F-B091157EC2FC}.Release|Any CPU.ActiveCfg = Release|Any CPU
		{384BAFD1-A50A-42FE-932F-B091157EC2FC}.Release|Any CPU.Build.0 = Release|Any CPU
		{7BED216F-92DF-4F47-84A9-CF1978875DDD}.Debug|Any CPU.ActiveCfg = Debug|Any CPU
		{7BED216F-92DF-4F47-84A9-CF1978875DDD}.Debug|Any CPU.Build.0 = Debug|Any CPU
		{7BED216F-92DF-4F47-84A9-CF1978875DDD}.Release|Any CPU.ActiveCfg = Release|Any CPU
		{7BED216F-92DF-4F47-84A9-CF1978875DDD}.Release|Any CPU.Build.0 = Release|Any CPU
		{A48511EE-90BD-46D3-A9FA-289135040A36}.Debug|Any CPU.ActiveCfg = Debug|Any CPU
		{A48511EE-90BD-46D3-A9FA-289135040A36}.Debug|Any CPU.Build.0 = Debug|Any CPU
		{A48511EE-90BD-46D3-A9FA-289135040A36}.Release|Any CPU.ActiveCfg = Release|Any CPU
		{A48511EE-90BD-46D3-A9FA-289135040A36}.Release|Any CPU.Build.0 = Release|Any CPU
		{6F5DA311-6D88-4C3C-9186-4B746B9F9C2F}.Debug|Any CPU.ActiveCfg = Debug|Any CPU
		{6F5DA311-6D88-4C3C-9186-4B746B9F9C2F}.Debug|Any CPU.Build.0 = Debug|Any CPU
		{6F5DA311-6D88-4C3C-9186-4B746B9F9C2F}.Release|Any CPU.ActiveCfg = Release|Any CPU
		{6F5DA311-6D88-4C3C-9186-4B746B9F9C2F}.Release|Any CPU.Build.0 = Release|Any CPU
		{C91EB16A-2257-4D4F-AA83-BDE38074B465}.Debug|Any CPU.ActiveCfg = Debug|Any CPU
		{C91EB16A-2257-4D4F-AA83-BDE38074B465}.Debug|Any CPU.Build.0 = Debug|Any CPU
		{C91EB16A-2257-4D4F-AA83-BDE38074B465}.Release|Any CPU.ActiveCfg = Release|Any CPU
		{C91EB16A-2257-4D4F-AA83-BDE38074B465}.Release|Any CPU.Build.0 = Release|Any CPU
		{7C4BDBD9-6D7F-47E2-864B-87840B1CD535}.Debug|Any CPU.ActiveCfg = Debug|Any CPU
		{7C4BDBD9-6D7F-47E2-864B-87840B1CD535}.Debug|Any CPU.Build.0 = Debug|Any CPU
		{7C4BDBD9-6D7F-47E2-864B-87840B1CD535}.Release|Any CPU.ActiveCfg = Release|Any CPU
		{7C4BDBD9-6D7F-47E2-864B-87840B1CD535}.Release|Any CPU.Build.0 = Release|Any CPU
		{24FA0F04-34BC-4DFE-8971-45D0704BCD6A}.Debug|Any CPU.ActiveCfg = Debug|Any CPU
		{24FA0F04-34BC-4DFE-8971-45D0704BCD6A}.Debug|Any CPU.Build.0 = Debug|Any CPU
		{24FA0F04-34BC-4DFE-8971-45D0704BCD6A}.Release|Any CPU.ActiveCfg = Release|Any CPU
		{24FA0F04-34BC-4DFE-8971-45D0704BCD6A}.Release|Any CPU.Build.0 = Release|Any CPU
		{C8AE64A4-268D-4AD8-80E9-2C09E545AEAA}.Debug|Any CPU.ActiveCfg = Debug|Any CPU
		{C8AE64A4-268D-4AD8-80E9-2C09E545AEAA}.Debug|Any CPU.Build.0 = Debug|Any CPU
		{C8AE64A4-268D-4AD8-80E9-2C09E545AEAA}.Release|Any CPU.ActiveCfg = Release|Any CPU
		{C8AE64A4-268D-4AD8-80E9-2C09E545AEAA}.Release|Any CPU.Build.0 = Release|Any CPU
		{3D09DC6A-90E5-42C1-8793-F3340BF318A1}.Debug|Any CPU.ActiveCfg = Debug|Any CPU
		{3D09DC6A-90E5-42C1-8793-F3340BF318A1}.Debug|Any CPU.Build.0 = Debug|Any CPU
		{3D09DC6A-90E5-42C1-8793-F3340BF318A1}.Release|Any CPU.ActiveCfg = Release|Any CPU
		{3D09DC6A-90E5-42C1-8793-F3340BF318A1}.Release|Any CPU.Build.0 = Release|Any CPU
		{9A980D40-8349-4B15-9DA9-FA7BBCF776D0}.Debug|Any CPU.ActiveCfg = Debug|Any CPU
		{9A980D40-8349-4B15-9DA9-FA7BBCF776D0}.Debug|Any CPU.Build.0 = Debug|Any CPU
		{9A980D40-8349-4B15-9DA9-FA7BBCF776D0}.Release|Any CPU.ActiveCfg = Release|Any CPU
		{9A980D40-8349-4B15-9DA9-FA7BBCF776D0}.Release|Any CPU.Build.0 = Release|Any CPU
		{A085CF02-72A3-492B-A39D-2F337FB73085}.Debug|Any CPU.ActiveCfg = Debug|Any CPU
		{A085CF02-72A3-492B-A39D-2F337FB73085}.Debug|Any CPU.Build.0 = Debug|Any CPU
		{A085CF02-72A3-492B-A39D-2F337FB73085}.Release|Any CPU.ActiveCfg = Release|Any CPU
		{A085CF02-72A3-492B-A39D-2F337FB73085}.Release|Any CPU.Build.0 = Release|Any CPU
		{A3BCFF0D-97B4-4A45-8DE9-E71F3FC19AC1}.Debug|Any CPU.ActiveCfg = Debug|Any CPU
		{A3BCFF0D-97B4-4A45-8DE9-E71F3FC19AC1}.Debug|Any CPU.Build.0 = Debug|Any CPU
		{A3BCFF0D-97B4-4A45-8DE9-E71F3FC19AC1}.Release|Any CPU.ActiveCfg = Release|Any CPU
		{A3BCFF0D-97B4-4A45-8DE9-E71F3FC19AC1}.Release|Any CPU.Build.0 = Release|Any CPU
		{60FBD751-87AC-4297-B4DA-3A25FD9961C1}.Debug|Any CPU.ActiveCfg = Debug|Any CPU
		{60FBD751-87AC-4297-B4DA-3A25FD9961C1}.Debug|Any CPU.Build.0 = Debug|Any CPU
		{60FBD751-87AC-4297-B4DA-3A25FD9961C1}.Release|Any CPU.ActiveCfg = Release|Any CPU
		{60FBD751-87AC-4297-B4DA-3A25FD9961C1}.Release|Any CPU.Build.0 = Release|Any CPU
		{E9A6C473-36DF-406D-9925-50C38D62600D}.Debug|Any CPU.ActiveCfg = Debug|Any CPU
		{E9A6C473-36DF-406D-9925-50C38D62600D}.Debug|Any CPU.Build.0 = Debug|Any CPU
		{E9A6C473-36DF-406D-9925-50C38D62600D}.Release|Any CPU.ActiveCfg = Release|Any CPU
		{E9A6C473-36DF-406D-9925-50C38D62600D}.Release|Any CPU.Build.0 = Release|Any CPU
		{43182E86-0B45-4C92-A10B-D6C4FC97516D}.Debug|Any CPU.ActiveCfg = Debug|Any CPU
		{43182E86-0B45-4C92-A10B-D6C4FC97516D}.Debug|Any CPU.Build.0 = Debug|Any CPU
		{43182E86-0B45-4C92-A10B-D6C4FC97516D}.Release|Any CPU.ActiveCfg = Release|Any CPU
		{43182E86-0B45-4C92-A10B-D6C4FC97516D}.Release|Any CPU.Build.0 = Release|Any CPU
		{C7DFDE96-721A-476E-A032-0BD359BE6FF0}.Debug|Any CPU.ActiveCfg = Debug|Any CPU
		{C7DFDE96-721A-476E-A032-0BD359BE6FF0}.Debug|Any CPU.Build.0 = Debug|Any CPU
		{C7DFDE96-721A-476E-A032-0BD359BE6FF0}.Release|Any CPU.ActiveCfg = Release|Any CPU
		{C7DFDE96-721A-476E-A032-0BD359BE6FF0}.Release|Any CPU.Build.0 = Release|Any CPU
		{6F2006BB-19E2-4294-93A7-BF9F7DEAD984}.Debug|Any CPU.ActiveCfg = Debug|Any CPU
		{6F2006BB-19E2-4294-93A7-BF9F7DEAD984}.Debug|Any CPU.Build.0 = Debug|Any CPU
		{6F2006BB-19E2-4294-93A7-BF9F7DEAD984}.Release|Any CPU.ActiveCfg = Release|Any CPU
		{6F2006BB-19E2-4294-93A7-BF9F7DEAD984}.Release|Any CPU.Build.0 = Release|Any CPU
		{C470DF34-3A7C-41B1-BF20-EAA50EC4CC02}.Debug|Any CPU.ActiveCfg = Debug|Any CPU
		{C470DF34-3A7C-41B1-BF20-EAA50EC4CC02}.Debug|Any CPU.Build.0 = Debug|Any CPU
		{C470DF34-3A7C-41B1-BF20-EAA50EC4CC02}.Release|Any CPU.ActiveCfg = Release|Any CPU
		{C470DF34-3A7C-41B1-BF20-EAA50EC4CC02}.Release|Any CPU.Build.0 = Release|Any CPU
		{9523FAD2-CE09-400D-8E01-5EBD7A6065C2}.Debug|Any CPU.ActiveCfg = Debug|Any CPU
		{9523FAD2-CE09-400D-8E01-5EBD7A6065C2}.Debug|Any CPU.Build.0 = Debug|Any CPU
		{9523FAD2-CE09-400D-8E01-5EBD7A6065C2}.Release|Any CPU.ActiveCfg = Release|Any CPU
		{9523FAD2-CE09-400D-8E01-5EBD7A6065C2}.Release|Any CPU.Build.0 = Release|Any CPU
		{28585FA8-5075-4BEA-8CE2-FDBA9C37C2E5}.Debug|Any CPU.ActiveCfg = Debug|Any CPU
		{28585FA8-5075-4BEA-8CE2-FDBA9C37C2E5}.Debug|Any CPU.Build.0 = Debug|Any CPU
		{28585FA8-5075-4BEA-8CE2-FDBA9C37C2E5}.Release|Any CPU.ActiveCfg = Release|Any CPU
		{28585FA8-5075-4BEA-8CE2-FDBA9C37C2E5}.Release|Any CPU.Build.0 = Release|Any CPU
		{997387E3-D8B8-4C46-B7A6-8B108ABE43ED}.Debug|Any CPU.ActiveCfg = Debug|Any CPU
		{997387E3-D8B8-4C46-B7A6-8B108ABE43ED}.Debug|Any CPU.Build.0 = Debug|Any CPU
		{997387E3-D8B8-4C46-B7A6-8B108ABE43ED}.Release|Any CPU.ActiveCfg = Release|Any CPU
		{997387E3-D8B8-4C46-B7A6-8B108ABE43ED}.Release|Any CPU.Build.0 = Release|Any CPU
		{6F4724C4-24B7-4F52-AD43-E652F9DAE48C}.Debug|Any CPU.ActiveCfg = Debug|Any CPU
		{6F4724C4-24B7-4F52-AD43-E652F9DAE48C}.Debug|Any CPU.Build.0 = Debug|Any CPU
		{6F4724C4-24B7-4F52-AD43-E652F9DAE48C}.Release|Any CPU.ActiveCfg = Release|Any CPU
		{6F4724C4-24B7-4F52-AD43-E652F9DAE48C}.Release|Any CPU.Build.0 = Release|Any CPU
		{023FCC01-AD4C-4E36-825A-FDEDAF781182}.Debug|Any CPU.ActiveCfg = Debug|Any CPU
		{023FCC01-AD4C-4E36-825A-FDEDAF781182}.Debug|Any CPU.Build.0 = Debug|Any CPU
		{023FCC01-AD4C-4E36-825A-FDEDAF781182}.Release|Any CPU.ActiveCfg = Release|Any CPU
		{023FCC01-AD4C-4E36-825A-FDEDAF781182}.Release|Any CPU.Build.0 = Release|Any CPU
		{73B27F56-1A06-4F1D-B4FD-FB067B2DE873}.Debug|Any CPU.ActiveCfg = Debug|Any CPU
		{73B27F56-1A06-4F1D-B4FD-FB067B2DE873}.Debug|Any CPU.Build.0 = Debug|Any CPU
		{73B27F56-1A06-4F1D-B4FD-FB067B2DE873}.Release|Any CPU.ActiveCfg = Release|Any CPU
		{73B27F56-1A06-4F1D-B4FD-FB067B2DE873}.Release|Any CPU.Build.0 = Release|Any CPU
		{320393A5-233A-415D-86EA-1A91AA10C52C}.Debug|Any CPU.ActiveCfg = Debug|Any CPU
		{320393A5-233A-415D-86EA-1A91AA10C52C}.Debug|Any CPU.Build.0 = Debug|Any CPU
		{320393A5-233A-415D-86EA-1A91AA10C52C}.Release|Any CPU.ActiveCfg = Release|Any CPU
		{320393A5-233A-415D-86EA-1A91AA10C52C}.Release|Any CPU.Build.0 = Release|Any CPU
		{E4C5FCC7-35DD-4294-9992-C5E8F641FB2A}.Debug|Any CPU.ActiveCfg = Debug|Any CPU
		{E4C5FCC7-35DD-4294-9992-C5E8F641FB2A}.Debug|Any CPU.Build.0 = Debug|Any CPU
		{E4C5FCC7-35DD-4294-9992-C5E8F641FB2A}.Release|Any CPU.ActiveCfg = Release|Any CPU
		{E4C5FCC7-35DD-4294-9992-C5E8F641FB2A}.Release|Any CPU.Build.0 = Release|Any CPU
	EndGlobalSection
	GlobalSection(SolutionProperties) = preSolution
		HideSolutionNode = FALSE
	EndGlobalSection
	GlobalSection(NestedProjects) = preSolution
		{5B920998-EBBE-43BC-9F03-8498DCA603C0} = {2B1883B3-BF6E-4073-9E5D-AD01961BA7D1}
		{CFAF10A9-0E60-43CD-8EF9-B97E58C1ED5A} = {6245E60B-2F08-4BB5-A826-E7F10B282419}
		{B45B83F2-B9B6-46B9-B124-FCDC02D0E1B6} = {2B1883B3-BF6E-4073-9E5D-AD01961BA7D1}
		{224B1B5A-EAD8-412C-BA37-D64662BB675A} = {2B1883B3-BF6E-4073-9E5D-AD01961BA7D1}
		{CDFA3EAA-6BEB-439D-8D0C-EDB7F8654349} = {2B1883B3-BF6E-4073-9E5D-AD01961BA7D1}
		{3C39E871-D013-4C8C-92EA-24A37AC9D111} = {2B1883B3-BF6E-4073-9E5D-AD01961BA7D1}
		{E857B4D1-F520-4456-AF32-59D2D84C3ABD} = {2B1883B3-BF6E-4073-9E5D-AD01961BA7D1}
		{F64BD374-DA4E-4192-AEE1-A2A46AD930C7} = {0B6910A4-EF91-4DF9-8E75-7C6F86BB56E8}
		{384BAFD1-A50A-42FE-932F-B091157EC2FC} = {0B6910A4-EF91-4DF9-8E75-7C6F86BB56E8}
		{7BED216F-92DF-4F47-84A9-CF1978875DDD} = {0B6910A4-EF91-4DF9-8E75-7C6F86BB56E8}
		{A48511EE-90BD-46D3-A9FA-289135040A36} = {0B6910A4-EF91-4DF9-8E75-7C6F86BB56E8}
		{6F5DA311-6D88-4C3C-9186-4B746B9F9C2F} = {0B6910A4-EF91-4DF9-8E75-7C6F86BB56E8}
		{C91EB16A-2257-4D4F-AA83-BDE38074B465} = {5659C2C2-63A1-496D-8B0A-676B4D5B4583}
		{7C4BDBD9-6D7F-47E2-864B-87840B1CD535} = {2B1883B3-BF6E-4073-9E5D-AD01961BA7D1}
		{24FA0F04-34BC-4DFE-8971-45D0704BCD6A} = {0B6910A4-EF91-4DF9-8E75-7C6F86BB56E8}
		{C8AE64A4-268D-4AD8-80E9-2C09E545AEAA} = {2B1883B3-BF6E-4073-9E5D-AD01961BA7D1}
		{3D09DC6A-90E5-42C1-8793-F3340BF318A1} = {0B6910A4-EF91-4DF9-8E75-7C6F86BB56E8}
		{9A980D40-8349-4B15-9DA9-FA7BBCF776D0} = {2B1883B3-BF6E-4073-9E5D-AD01961BA7D1}
		{A085CF02-72A3-492B-A39D-2F337FB73085} = {2B1883B3-BF6E-4073-9E5D-AD01961BA7D1}
		{A3BCFF0D-97B4-4A45-8DE9-E71F3FC19AC1} = {0B6910A4-EF91-4DF9-8E75-7C6F86BB56E8}
		{60FBD751-87AC-4297-B4DA-3A25FD9961C1} = {0B6910A4-EF91-4DF9-8E75-7C6F86BB56E8}
		{E9A6C473-36DF-406D-9925-50C38D62600D} = {0B6910A4-EF91-4DF9-8E75-7C6F86BB56E8}
		{43182E86-0B45-4C92-A10B-D6C4FC97516D} = {0B6910A4-EF91-4DF9-8E75-7C6F86BB56E8}
		{C7DFDE96-721A-476E-A032-0BD359BE6FF0} = {0B6910A4-EF91-4DF9-8E75-7C6F86BB56E8}
		{6F2006BB-19E2-4294-93A7-BF9F7DEAD984} = {0B6910A4-EF91-4DF9-8E75-7C6F86BB56E8}
		{C470DF34-3A7C-41B1-BF20-EAA50EC4CC02} = {0B6910A4-EF91-4DF9-8E75-7C6F86BB56E8}
		{9523FAD2-CE09-400D-8E01-5EBD7A6065C2} = {0B6910A4-EF91-4DF9-8E75-7C6F86BB56E8}
		{28585FA8-5075-4BEA-8CE2-FDBA9C37C2E5} = {0B6910A4-EF91-4DF9-8E75-7C6F86BB56E8}
		{997387E3-D8B8-4C46-B7A6-8B108ABE43ED} = {0B6910A4-EF91-4DF9-8E75-7C6F86BB56E8}
		{6F4724C4-24B7-4F52-AD43-E652F9DAE48C} = {0B6910A4-EF91-4DF9-8E75-7C6F86BB56E8}
		{023FCC01-AD4C-4E36-825A-FDEDAF781182} = {0B6910A4-EF91-4DF9-8E75-7C6F86BB56E8}
		{73B27F56-1A06-4F1D-B4FD-FB067B2DE873} = {0B6910A4-EF91-4DF9-8E75-7C6F86BB56E8}
		{320393A5-233A-415D-86EA-1A91AA10C52C} = {0B6910A4-EF91-4DF9-8E75-7C6F86BB56E8}
	EndGlobalSection
	GlobalSection(ExtensibilityGlobals) = postSolution
		SolutionGuid = {4F2A2408-678E-4184-B769-5C46F0B10F25}
	EndGlobalSection
EndGlobal
